{
  "name": "fxa-customs-server",
  "version": "0.69.0",
  "dependencies": {
    "aws-sdk": {
      "version": "2.3.3",
      "from": "aws-sdk@2.3.3",
      "resolved": "https://registry.npmjs.org/aws-sdk/-/aws-sdk-2.3.3.tgz",
      "dependencies": {
        "sax": {
          "version": "1.1.5",
          "from": "sax@1.1.5",
          "resolved": "https://registry.npmjs.org/sax/-/sax-1.1.5.tgz"
        },
        "xml2js": {
          "version": "0.4.15",
          "from": "xml2js@0.4.15",
          "resolved": "https://registry.npmjs.org/xml2js/-/xml2js-0.4.15.tgz"
        },
        "xmlbuilder": {
          "version": "2.6.2",
          "from": "xmlbuilder@2.6.2",
          "resolved": "https://registry.npmjs.org/xmlbuilder/-/xmlbuilder-2.6.2.tgz",
          "dependencies": {
            "lodash": {
              "version": "3.5.0",
              "from": "lodash@>=3.5.0 <3.6.0",
              "resolved": "https://registry.npmjs.org/lodash/-/lodash-3.5.0.tgz"
            }
          }
        },
        "jmespath": {
          "version": "0.15.0",
          "from": "jmespath@0.15.0",
          "resolved": "https://registry.npmjs.org/jmespath/-/jmespath-0.15.0.tgz"
        }
      }
    },
    "bl": {
      "version": "1.1.2",
      "from": "bl@1.1.2",
      "resolved": "https://registry.npmjs.org/bl/-/bl-1.1.2.tgz",
      "dependencies": {
        "readable-stream": {
          "version": "2.0.6",
          "from": "readable-stream@>=2.0.5 <2.1.0",
          "resolved": "https://registry.npmjs.org/readable-stream/-/readable-stream-2.0.6.tgz",
          "dependencies": {
            "core-util-is": {
              "version": "1.0.2",
              "from": "core-util-is@>=1.0.0 <1.1.0",
              "resolved": "https://registry.npmjs.org/core-util-is/-/core-util-is-1.0.2.tgz"
            },
            "inherits": {
              "version": "2.0.3",
              "from": "inherits@>=2.0.0 <3.0.0",
              "resolved": "https://registry.npmjs.org/inherits/-/inherits-2.0.3.tgz"
            },
            "isarray": {
              "version": "1.0.0",
              "from": "isarray@>=1.0.0 <1.1.0",
              "resolved": "https://registry.npmjs.org/isarray/-/isarray-1.0.0.tgz"
            },
            "process-nextick-args": {
              "version": "1.0.7",
              "from": "process-nextick-args@>=1.0.6 <1.1.0",
              "resolved": "https://registry.npmjs.org/process-nextick-args/-/process-nextick-args-1.0.7.tgz"
            },
            "string_decoder": {
              "version": "0.10.31",
              "from": "string_decoder@>=0.10.0 <0.11.0",
              "resolved": "https://registry.npmjs.org/string_decoder/-/string_decoder-0.10.31.tgz"
            },
            "util-deprecate": {
              "version": "1.0.2",
              "from": "util-deprecate@>=1.0.1 <1.1.0",
              "resolved": "https://registry.npmjs.org/util-deprecate/-/util-deprecate-1.0.2.tgz"
            }
          }
        }
      }
    },
    "bluebird": {
      "version": "3.3.4",
      "from": "bluebird@3.3.4",
      "resolved": "https://registry.npmjs.org/bluebird/-/bluebird-3.3.4.tgz"
    },
    "bunyan": {
      "version": "1.8.0",
      "from": "bunyan@1.8.0",
      "resolved": "https://registry.npmjs.org/bunyan/-/bunyan-1.8.0.tgz",
      "dependencies": {
        "dtrace-provider": {
          "version": "0.6.0",
          "from": "dtrace-provider@>=0.6.0 <0.7.0",
          "resolved": "https://registry.npmjs.org/dtrace-provider/-/dtrace-provider-0.6.0.tgz",
          "dependencies": {
            "nan": {
              "version": "2.4.0",
              "from": "nan@>=2.0.8 <3.0.0",
              "resolved": "https://registry.npmjs.org/nan/-/nan-2.4.0.tgz"
            }
          }
        },
        "mv": {
          "version": "2.1.1",
          "from": "mv@>=2.0.0 <3.0.0",
          "resolved": "https://registry.npmjs.org/mv/-/mv-2.1.1.tgz",
          "dependencies": {
            "mkdirp": {
              "version": "0.5.1",
              "from": "mkdirp@>=0.5.1 <0.6.0",
              "resolved": "https://registry.npmjs.org/mkdirp/-/mkdirp-0.5.1.tgz",
              "dependencies": {
                "minimist": {
                  "version": "0.0.8",
                  "from": "minimist@0.0.8",
                  "resolved": "https://registry.npmjs.org/minimist/-/minimist-0.0.8.tgz"
                }
              }
            },
            "ncp": {
              "version": "2.0.0",
              "from": "ncp@>=2.0.0 <2.1.0",
              "resolved": "https://registry.npmjs.org/ncp/-/ncp-2.0.0.tgz"
            },
            "rimraf": {
              "version": "2.4.5",
              "from": "rimraf@>=2.4.0 <2.5.0",
              "resolved": "https://registry.npmjs.org/rimraf/-/rimraf-2.4.5.tgz",
              "dependencies": {
                "glob": {
                  "version": "6.0.4",
                  "from": "glob@>=6.0.1 <7.0.0",
                  "resolved": "https://registry.npmjs.org/glob/-/glob-6.0.4.tgz",
                  "dependencies": {
                    "inflight": {
                      "version": "1.0.5",
                      "from": "inflight@>=1.0.4 <2.0.0",
                      "resolved": "https://registry.npmjs.org/inflight/-/inflight-1.0.5.tgz",
                      "dependencies": {
                        "wrappy": {
                          "version": "1.0.2",
                          "from": "wrappy@>=1.0.0 <2.0.0",
                          "resolved": "https://registry.npmjs.org/wrappy/-/wrappy-1.0.2.tgz"
                        }
                      }
                    },
                    "inherits": {
                      "version": "2.0.3",
                      "from": "inherits@>=2.0.0 <3.0.0",
                      "resolved": "https://registry.npmjs.org/inherits/-/inherits-2.0.3.tgz"
                    },
                    "minimatch": {
                      "version": "3.0.3",
                      "from": "minimatch@>=2.0.0 <3.0.0||>=3.0.0 <4.0.0",
                      "resolved": "https://registry.npmjs.org/minimatch/-/minimatch-3.0.3.tgz",
                      "dependencies": {
                        "brace-expansion": {
                          "version": "1.1.6",
                          "from": "brace-expansion@>=1.0.0 <2.0.0",
                          "resolved": "https://registry.npmjs.org/brace-expansion/-/brace-expansion-1.1.6.tgz",
                          "dependencies": {
                            "balanced-match": {
                              "version": "0.4.2",
                              "from": "balanced-match@>=0.4.1 <0.5.0",
                              "resolved": "https://registry.npmjs.org/balanced-match/-/balanced-match-0.4.2.tgz"
                            },
                            "concat-map": {
                              "version": "0.0.1",
                              "from": "concat-map@0.0.1",
                              "resolved": "https://registry.npmjs.org/concat-map/-/concat-map-0.0.1.tgz"
                            }
                          }
                        }
                      }
                    },
                    "once": {
                      "version": "1.4.0",
                      "from": "once@>=1.3.0 <2.0.0",
                      "resolved": "https://registry.npmjs.org/once/-/once-1.4.0.tgz",
                      "dependencies": {
                        "wrappy": {
                          "version": "1.0.2",
                          "from": "wrappy@>=1.0.0 <2.0.0",
                          "resolved": "https://registry.npmjs.org/wrappy/-/wrappy-1.0.2.tgz"
                        }
                      }
                    },
                    "path-is-absolute": {
                      "version": "1.0.0",
                      "from": "path-is-absolute@>=1.0.0 <2.0.0",
                      "resolved": "https://registry.npmjs.org/path-is-absolute/-/path-is-absolute-1.0.0.tgz"
                    }
                  }
                }
              }
            }
          }
        },
        "safe-json-stringify": {
          "version": "1.0.3",
          "from": "safe-json-stringify@>=1.0.0 <2.0.0",
          "resolved": "https://registry.npmjs.org/safe-json-stringify/-/safe-json-stringify-1.0.3.tgz"
        },
        "moment": {
          "version": "2.15.0",
          "from": "moment@>=2.10.6 <3.0.0",
          "resolved": "https://registry.npmjs.org/moment/-/moment-2.15.0.tgz"
        }
      }
    },
    "convict": {
      "version": "1.2.0",
      "from": "convict@1.2.0",
      "resolved": "https://registry.npmjs.org/convict/-/convict-1.2.0.tgz",
      "dependencies": {
        "cjson": {
          "version": "0.3.3",
          "from": "cjson@0.3.3",
          "resolved": "https://registry.npmjs.org/cjson/-/cjson-0.3.3.tgz",
          "dependencies": {
            "json-parse-helpfulerror": {
              "version": "1.0.3",
              "from": "json-parse-helpfulerror@>=1.0.3 <2.0.0",
              "resolved": "https://registry.npmjs.org/json-parse-helpfulerror/-/json-parse-helpfulerror-1.0.3.tgz",
              "dependencies": {
                "jju": {
                  "version": "1.3.0",
                  "from": "jju@>=1.1.0 <2.0.0",
                  "resolved": "https://registry.npmjs.org/jju/-/jju-1.3.0.tgz"
                }
              }
            }
          }
        },
        "depd": {
          "version": "1.1.0",
          "from": "depd@1.1.0",
          "resolved": "https://registry.npmjs.org/depd/-/depd-1.1.0.tgz"
        },
        "moment": {
          "version": "2.12.0",
          "from": "moment@2.12.0",
          "resolved": "https://registry.npmjs.org/moment/-/moment-2.12.0.tgz"
        },
        "optimist": {
          "version": "0.6.1",
          "from": "optimist@0.6.1",
          "resolved": "https://registry.npmjs.org/optimist/-/optimist-0.6.1.tgz",
          "dependencies": {
            "wordwrap": {
              "version": "0.0.3",
              "from": "wordwrap@>=0.0.2 <0.1.0",
              "resolved": "https://registry.npmjs.org/wordwrap/-/wordwrap-0.0.3.tgz"
            },
            "minimist": {
              "version": "0.0.10",
              "from": "minimist@>=0.0.1 <0.1.0",
              "resolved": "https://registry.npmjs.org/minimist/-/minimist-0.0.10.tgz"
            }
          }
        },
        "validator": {
          "version": "4.6.1",
          "from": "validator@4.6.1",
          "resolved": "https://registry.npmjs.org/validator/-/validator-4.6.1.tgz"
        },
        "varify": {
          "version": "0.1.1",
          "from": "varify@0.1.1",
          "resolved": "https://registry.npmjs.org/varify/-/varify-0.1.1.tgz",
          "dependencies": {
            "through": {
              "version": "2.3.8",
              "from": "through@>=2.3.4 <2.4.0",
              "resolved": "https://registry.npmjs.org/through/-/through-2.3.8.tgz"
            },
            "redeyed": {
              "version": "0.4.4",
              "from": "redeyed@>=0.4.2 <0.5.0",
              "resolved": "https://registry.npmjs.org/redeyed/-/redeyed-0.4.4.tgz",
              "dependencies": {
                "esprima": {
                  "version": "1.0.4",
                  "from": "esprima@>=1.0.4 <1.1.0",
                  "resolved": "https://registry.npmjs.org/esprima/-/esprima-1.0.4.tgz"
                }
              }
            }
          }
        }
      }
    },
    "csv-parse": {
      "version": "1.0.4",
      "from": "csv-parse@1.0.4",
      "resolved": "https://registry.npmjs.org/csv-parse/-/csv-parse-1.0.4.tgz"
    },
    "deep-equal": {
      "version": "1.0.1",
      "from": "deep-equal@1.0.1",
      "resolved": "https://registry.npmjs.org/deep-equal/-/deep-equal-1.0.1.tgz"
    },
    "ip": {
      "version": "1.1.3",
      "from": "ip@1.1.3",
      "resolved": "https://registry.npmjs.org/ip/-/ip-1.1.3.tgz"
    },
    "memcached": {
      "version": "2.2.1",
      "from": "memcached@2.2.1",
      "resolved": "https://registry.npmjs.org/memcached/-/memcached-2.2.1.tgz",
      "dependencies": {
        "hashring": {
          "version": "3.2.0",
          "from": "hashring@>=3.2.0 <3.3.0",
          "resolved": "https://registry.npmjs.org/hashring/-/hashring-3.2.0.tgz",
          "dependencies": {
            "connection-parse": {
              "version": "0.0.7",
              "from": "connection-parse@>=0.0.0 <0.1.0",
              "resolved": "https://registry.npmjs.org/connection-parse/-/connection-parse-0.0.7.tgz"
            },
            "simple-lru-cache": {
              "version": "0.0.2",
              "from": "simple-lru-cache@>=0.0.0 <0.1.0",
              "resolved": "https://registry.npmjs.org/simple-lru-cache/-/simple-lru-cache-0.0.2.tgz"
            }
          }
        },
        "jackpot": {
          "version": "0.0.6",
          "from": "jackpot@>=0.0.6",
          "resolved": "https://registry.npmjs.org/jackpot/-/jackpot-0.0.6.tgz",
          "dependencies": {
            "retry": {
              "version": "0.6.0",
              "from": "retry@0.6.0",
              "resolved": "https://registry.npmjs.org/retry/-/retry-0.6.0.tgz"
            }
          }
        }
      }
    },
    "newrelic": {
      "version": "1.30.1",
      "from": "newrelic@1.30.1",
      "resolved": "https://registry.npmjs.org/newrelic/-/newrelic-1.30.1.tgz",
      "dependencies": {
        "concat-stream": {
          "version": "1.5.2",
          "from": "concat-stream@>=1.5.0 <2.0.0",
          "resolved": "https://registry.npmjs.org/concat-stream/-/concat-stream-1.5.2.tgz",
          "dependencies": {
            "inherits": {
              "version": "2.0.1",
              "from": "inherits@>=2.0.1 <2.1.0",
              "resolved": "https://registry.npmjs.org/inherits/-/inherits-2.0.1.tgz"
            },
            "typedarray": {
              "version": "0.0.6",
              "from": "typedarray@>=0.0.5 <0.1.0",
              "resolved": "https://registry.npmjs.org/typedarray/-/typedarray-0.0.6.tgz"
            },
            "readable-stream": {
              "version": "2.0.6",
              "from": "readable-stream@>=2.0.0 <2.1.0",
              "resolved": "https://registry.npmjs.org/readable-stream/-/readable-stream-2.0.6.tgz",
              "dependencies": {
                "core-util-is": {
                  "version": "1.0.2",
                  "from": "core-util-is@>=1.0.0 <1.1.0",
                  "resolved": "https://registry.npmjs.org/core-util-is/-/core-util-is-1.0.2.tgz"
                },
                "isarray": {
                  "version": "1.0.0",
                  "from": "isarray@>=1.0.0 <1.1.0",
                  "resolved": "https://registry.npmjs.org/isarray/-/isarray-1.0.0.tgz"
                },
                "process-nextick-args": {
                  "version": "1.0.7",
                  "from": "process-nextick-args@>=1.0.6 <1.1.0",
                  "resolved": "https://registry.npmjs.org/process-nextick-args/-/process-nextick-args-1.0.7.tgz"
                },
                "string_decoder": {
                  "version": "0.10.31",
                  "from": "string_decoder@>=0.10.0 <0.11.0",
                  "resolved": "https://registry.npmjs.org/string_decoder/-/string_decoder-0.10.31.tgz"
                },
                "util-deprecate": {
                  "version": "1.0.2",
                  "from": "util-deprecate@>=1.0.1 <1.1.0",
                  "resolved": "https://registry.npmjs.org/util-deprecate/-/util-deprecate-1.0.2.tgz"
                }
              }
            }
          }
        },
        "https-proxy-agent": {
          "version": "0.3.6",
          "from": "https-proxy-agent@>=0.3.5 <0.4.0",
          "resolved": "https://registry.npmjs.org/https-proxy-agent/-/https-proxy-agent-0.3.6.tgz",
          "dependencies": {
            "agent-base": {
              "version": "1.0.2",
              "from": "agent-base@>=1.0.1 <1.1.0",
              "resolved": "https://registry.npmjs.org/agent-base/-/agent-base-1.0.2.tgz"
            },
            "debug": {
              "version": "2.2.0",
              "from": "debug@>=2.0.0 <3.0.0",
              "resolved": "https://registry.npmjs.org/debug/-/debug-2.2.0.tgz",
              "dependencies": {
                "ms": {
                  "version": "0.7.1",
                  "from": "ms@0.7.1",
                  "resolved": "https://registry.npmjs.org/ms/-/ms-0.7.1.tgz"
                }
              }
            },
            "extend": {
              "version": "3.0.0",
              "from": "extend@>=3.0.0 <4.0.0",
              "resolved": "https://registry.npmjs.org/extend/-/extend-3.0.0.tgz"
            }
          }
        },
        "json-stringify-safe": {
          "version": "5.0.1",
          "from": "json-stringify-safe@>=5.0.0 <6.0.0",
          "resolved": "https://registry.npmjs.org/json-stringify-safe/-/json-stringify-safe-5.0.1.tgz"
        },
        "readable-stream": {
          "version": "1.1.14",
          "from": "readable-stream@>=1.1.13 <2.0.0",
          "resolved": "https://registry.npmjs.org/readable-stream/-/readable-stream-1.1.14.tgz",
          "dependencies": {
            "core-util-is": {
              "version": "1.0.2",
              "from": "core-util-is@>=1.0.0 <1.1.0",
              "resolved": "https://registry.npmjs.org/core-util-is/-/core-util-is-1.0.2.tgz"
            },
            "isarray": {
              "version": "0.0.1",
              "from": "isarray@0.0.1",
              "resolved": "https://registry.npmjs.org/isarray/-/isarray-0.0.1.tgz"
            },
            "string_decoder": {
              "version": "0.10.31",
              "from": "string_decoder@>=0.10.0 <0.11.0",
              "resolved": "https://registry.npmjs.org/string_decoder/-/string_decoder-0.10.31.tgz"
            },
            "inherits": {
              "version": "2.0.1",
              "from": "inherits@>=2.0.1 <2.1.0",
              "resolved": "https://registry.npmjs.org/inherits/-/inherits-2.0.1.tgz"
            }
          }
        },
        "semver": {
          "version": "4.3.6",
          "from": "semver@>=4.2.0 <5.0.0",
          "resolved": "https://registry.npmjs.org/semver/-/semver-4.3.6.tgz"
        },
        "yakaa": {
          "version": "1.0.1",
          "from": "yakaa@>=1.0.1 <2.0.0",
          "resolved": "https://registry.npmjs.org/yakaa/-/yakaa-1.0.1.tgz"
        }
      }
    },
    "restify": {
      "version": "4.1.1",
      "from": "restify@4.1.1",
      "resolved": "https://registry.npmjs.org/restify/-/restify-4.1.1.tgz",
      "dependencies": {
        "assert-plus": {
          "version": "0.1.5",
          "from": "assert-plus@>=0.1.5 <0.2.0",
          "resolved": "https://registry.npmjs.org/assert-plus/-/assert-plus-0.1.5.tgz"
        },
        "backoff": {
          "version": "2.5.0",
          "from": "backoff@>=2.4.0 <3.0.0",
          "resolved": "https://registry.npmjs.org/backoff/-/backoff-2.5.0.tgz",
          "dependencies": {
            "precond": {
              "version": "0.2.3",
              "from": "precond@>=0.2.0 <0.3.0",
              "resolved": "https://registry.npmjs.org/precond/-/precond-0.2.3.tgz"
            }
          }
        },
        "csv": {
          "version": "0.4.6",
          "from": "csv@>=0.4.0 <0.5.0",
          "resolved": "https://registry.npmjs.org/csv/-/csv-0.4.6.tgz",
          "dependencies": {
            "csv-generate": {
              "version": "0.0.6",
              "from": "csv-generate@>=0.0.6 <0.0.7",
              "resolved": "https://registry.npmjs.org/csv-generate/-/csv-generate-0.0.6.tgz"
            },
            "csv-parse": {
              "version": "1.1.7",
              "from": "csv-parse@>=1.0.0 <2.0.0",
              "resolved": "https://registry.npmjs.org/csv-parse/-/csv-parse-1.1.7.tgz"
            },
            "stream-transform": {
              "version": "0.1.1",
              "from": "stream-transform@>=0.1.0 <0.2.0",
              "resolved": "https://registry.npmjs.org/stream-transform/-/stream-transform-0.1.1.tgz"
            },
            "csv-stringify": {
              "version": "0.0.8",
              "from": "csv-stringify@>=0.0.8 <0.0.9",
              "resolved": "https://registry.npmjs.org/csv-stringify/-/csv-stringify-0.0.8.tgz"
            }
          }
        },
        "escape-regexp-component": {
          "version": "1.0.2",
          "from": "escape-regexp-component@>=1.0.2 <2.0.0",
          "resolved": "https://registry.npmjs.org/escape-regexp-component/-/escape-regexp-component-1.0.2.tgz"
        },
        "formidable": {
          "version": "1.0.17",
          "from": "formidable@>=1.0.14 <2.0.0",
          "resolved": "https://registry.npmjs.org/formidable/-/formidable-1.0.17.tgz"
        },
        "http-signature": {
          "version": "0.11.0",
          "from": "http-signature@>=0.11.0 <0.12.0",
          "resolved": "https://registry.npmjs.org/http-signature/-/http-signature-0.11.0.tgz",
          "dependencies": {
            "asn1": {
              "version": "0.1.11",
              "from": "asn1@0.1.11",
              "resolved": "https://registry.npmjs.org/asn1/-/asn1-0.1.11.tgz"
            },
            "ctype": {
              "version": "0.5.3",
              "from": "ctype@0.5.3",
              "resolved": "https://registry.npmjs.org/ctype/-/ctype-0.5.3.tgz"
            }
          }
        },
        "keep-alive-agent": {
          "version": "0.0.1",
          "from": "keep-alive-agent@>=0.0.1 <0.0.2",
          "resolved": "https://registry.npmjs.org/keep-alive-agent/-/keep-alive-agent-0.0.1.tgz"
        },
        "lru-cache": {
          "version": "4.0.1",
          "from": "lru-cache@>=4.0.1 <5.0.0",
          "resolved": "https://registry.npmjs.org/lru-cache/-/lru-cache-4.0.1.tgz",
          "dependencies": {
            "pseudomap": {
              "version": "1.0.2",
              "from": "pseudomap@>=1.0.1 <2.0.0",
              "resolved": "https://registry.npmjs.org/pseudomap/-/pseudomap-1.0.2.tgz"
            },
            "yallist": {
              "version": "2.0.0",
              "from": "yallist@>=2.0.0 <3.0.0",
              "resolved": "https://registry.npmjs.org/yallist/-/yallist-2.0.0.tgz"
            }
          }
        },
        "mime": {
          "version": "1.3.4",
          "from": "mime@>=1.2.11 <2.0.0",
          "resolved": "https://registry.npmjs.org/mime/-/mime-1.3.4.tgz"
        },
        "negotiator": {
          "version": "0.6.1",
          "from": "negotiator@>=0.6.1 <0.7.0",
          "resolved": "https://registry.npmjs.org/negotiator/-/negotiator-0.6.1.tgz"
        },
        "node-uuid": {
          "version": "1.4.7",
          "from": "node-uuid@>=1.4.1 <2.0.0",
          "resolved": "https://registry.npmjs.org/node-uuid/-/node-uuid-1.4.7.tgz"
        },
        "once": {
          "version": "1.4.0",
          "from": "once@>=1.3.0 <2.0.0",
          "resolved": "https://registry.npmjs.org/once/-/once-1.4.0.tgz",
          "dependencies": {
            "wrappy": {
              "version": "1.0.2",
              "from": "wrappy@>=1.0.0 <2.0.0",
              "resolved": "https://registry.npmjs.org/wrappy/-/wrappy-1.0.2.tgz"
            }
          }
        },
        "qs": {
          "version": "3.1.0",
          "from": "qs@>=3.1.0 <4.0.0",
          "resolved": "https://registry.npmjs.org/qs/-/qs-3.1.0.tgz"
        },
        "semver": {
          "version": "4.3.6",
          "from": "semver@>=4.3.3 <5.0.0",
          "resolved": "https://registry.npmjs.org/semver/-/semver-4.3.6.tgz"
        },
        "spdy": {
          "version": "3.4.3",
          "from": "spdy@>=3.3.3 <4.0.0",
          "resolved": "https://registry.npmjs.org/spdy/-/spdy-3.4.3.tgz",
          "dependencies": {
            "debug": {
              "version": "2.2.0",
              "from": "debug@>=2.2.0 <3.0.0",
              "resolved": "https://registry.npmjs.org/debug/-/debug-2.2.0.tgz",
              "dependencies": {
                "ms": {
                  "version": "0.7.1",
                  "from": "ms@0.7.1",
                  "resolved": "https://registry.npmjs.org/ms/-/ms-0.7.1.tgz"
                }
              }
            },
            "handle-thing": {
              "version": "1.2.5",
              "from": "handle-thing@>=1.2.4 <2.0.0",
              "resolved": "https://registry.npmjs.org/handle-thing/-/handle-thing-1.2.5.tgz"
            },
            "http-deceiver": {
              "version": "1.2.7",
              "from": "http-deceiver@>=1.2.4 <2.0.0",
              "resolved": "https://registry.npmjs.org/http-deceiver/-/http-deceiver-1.2.7.tgz"
            },
            "select-hose": {
              "version": "2.0.0",
              "from": "select-hose@>=2.0.0 <3.0.0",
              "resolved": "https://registry.npmjs.org/select-hose/-/select-hose-2.0.0.tgz"
            },
            "spdy-transport": {
              "version": "2.0.15",
              "from": "spdy-transport@>=2.0.15 <3.0.0",
              "resolved": "https://registry.npmjs.org/spdy-transport/-/spdy-transport-2.0.15.tgz",
              "dependencies": {
                "hpack.js": {
                  "version": "2.1.6",
                  "from": "hpack.js@>=2.1.6 <3.0.0",
                  "resolved": "https://registry.npmjs.org/hpack.js/-/hpack.js-2.1.6.tgz",
                  "dependencies": {
                    "inherits": {
                      "version": "2.0.3",
                      "from": "inherits@>=2.0.1 <2.1.0",
                      "resolved": "https://registry.npmjs.org/inherits/-/inherits-2.0.3.tgz"
                    }
                  }
                },
                "obuf": {
                  "version": "1.1.1",
                  "from": "obuf@>=1.1.0 <2.0.0",
                  "resolved": "https://registry.npmjs.org/obuf/-/obuf-1.1.1.tgz"
                },
                "readable-stream": {
                  "version": "2.1.5",
                  "from": "readable-stream@>=2.0.1 <3.0.0",
                  "resolved": "https://registry.npmjs.org/readable-stream/-/readable-stream-2.1.5.tgz",
                  "dependencies": {
                    "buffer-shims": {
                      "version": "1.0.0",
                      "from": "buffer-shims@>=1.0.0 <2.0.0",
                      "resolved": "https://registry.npmjs.org/buffer-shims/-/buffer-shims-1.0.0.tgz"
                    },
                    "core-util-is": {
                      "version": "1.0.2",
                      "from": "core-util-is@>=1.0.0 <1.1.0",
                      "resolved": "https://registry.npmjs.org/core-util-is/-/core-util-is-1.0.2.tgz"
                    },
                    "inherits": {
                      "version": "2.0.3",
                      "from": "inherits@>=2.0.1 <2.1.0",
                      "resolved": "https://registry.npmjs.org/inherits/-/inherits-2.0.3.tgz"
                    },
                    "isarray": {
                      "version": "1.0.0",
                      "from": "isarray@>=1.0.0 <1.1.0",
                      "resolved": "https://registry.npmjs.org/isarray/-/isarray-1.0.0.tgz"
                    },
                    "process-nextick-args": {
                      "version": "1.0.7",
                      "from": "process-nextick-args@>=1.0.6 <1.1.0",
                      "resolved": "https://registry.npmjs.org/process-nextick-args/-/process-nextick-args-1.0.7.tgz"
                    },
                    "string_decoder": {
                      "version": "0.10.31",
                      "from": "string_decoder@>=0.10.0 <0.11.0",
                      "resolved": "https://registry.npmjs.org/string_decoder/-/string_decoder-0.10.31.tgz"
                    },
                    "util-deprecate": {
                      "version": "1.0.2",
                      "from": "util-deprecate@>=1.0.1 <1.1.0",
                      "resolved": "https://registry.npmjs.org/util-deprecate/-/util-deprecate-1.0.2.tgz"
                    }
                  }
                },
                "wbuf": {
                  "version": "1.7.2",
                  "from": "wbuf@>=1.4.0 <2.0.0",
                  "resolved": "https://registry.npmjs.org/wbuf/-/wbuf-1.7.2.tgz",
                  "dependencies": {
                    "minimalistic-assert": {
                      "version": "1.0.0",
                      "from": "minimalistic-assert@>=1.0.0 <2.0.0",
                      "resolved": "https://registry.npmjs.org/minimalistic-assert/-/minimalistic-assert-1.0.0.tgz"
                    }
                  }
                }
              }
            }
          }
        },
        "tunnel-agent": {
          "version": "0.4.3",
          "from": "tunnel-agent@>=0.4.0 <0.5.0",
          "resolved": "https://registry.npmjs.org/tunnel-agent/-/tunnel-agent-0.4.3.tgz"
        },
        "vasync": {
          "version": "1.6.3",
          "from": "vasync@1.6.3",
          "resolved": "https://registry.npmjs.org/vasync/-/vasync-1.6.3.tgz",
          "dependencies": {
            "verror": {
              "version": "1.6.0",
              "from": "verror@1.6.0",
              "resolved": "https://registry.npmjs.org/verror/-/verror-1.6.0.tgz",
              "dependencies": {
                "extsprintf": {
                  "version": "1.2.0",
                  "from": "extsprintf@1.2.0",
                  "resolved": "https://registry.npmjs.org/extsprintf/-/extsprintf-1.2.0.tgz"
                }
              }
            }
          }
        },
        "verror": {
          "version": "1.8.1",
          "from": "verror@>=1.4.0 <2.0.0",
          "resolved": "https://registry.npmjs.org/verror/-/verror-1.8.1.tgz",
          "dependencies": {
            "assert-plus": {
              "version": "1.0.0",
              "from": "assert-plus@>=1.0.0 <2.0.0",
              "resolved": "https://registry.npmjs.org/assert-plus/-/assert-plus-1.0.0.tgz"
            },
            "core-util-is": {
              "version": "1.0.2",
              "from": "core-util-is@1.0.2",
              "resolved": "https://registry.npmjs.org/core-util-is/-/core-util-is-1.0.2.tgz"
            },
            "extsprintf": {
              "version": "1.3.0",
              "from": "extsprintf@>=1.2.0 <2.0.0",
              "resolved": "https://registry.npmjs.org/extsprintf/-/extsprintf-1.3.0.tgz"
            }
          }
        },
        "dtrace-provider": {
          "version": "0.6.0",
          "from": "dtrace-provider@>=0.6.0 <0.7.0",
          "resolved": "https://registry.npmjs.org/dtrace-provider/-/dtrace-provider-0.6.0.tgz",
          "dependencies": {
            "nan": {
              "version": "2.4.0",
              "from": "nan@>=2.0.8 <3.0.0",
              "resolved": "https://registry.npmjs.org/nan/-/nan-2.4.0.tgz"
            }
          }
        }
      }
    }
  }
}
