{
  "name": "fxa-profile-server",
  "version": "0.26.0",
  "dependencies": {
    "aws-sdk": {
      "version": "2.0.23",
      "from": "aws-sdk@2.0.23",
      "dependencies": {
        "xml2js": {
          "version": "0.2.6",
          "from": "xml2js@0.2.6",
          "resolved": "https://registry.npmjs.org/xml2js/-/xml2js-0.2.6.tgz",
          "dependencies": {
            "sax": {
              "version": "0.4.2",
              "from": "sax@0.4.2"
            }
          }
        },
        "xmlbuilder": {
          "version": "0.4.2",
          "from": "xmlbuilder@0.4.2"
        }
      }
    },
    "bluebird": {
      "version": "2.3.10",
      "from": "bluebird@2.3.10",
      "resolved": "https://registry.npmjs.org/bluebird/-/bluebird-2.3.10.tgz"
    },
    "buf": {
      "version": "0.1.0",
      "from": "buf@0.1.0",
      "resolved": "https://registry.npmjs.org/buf/-/buf-0.1.0.tgz"
    },
    "compute-cluster": {
      "version": "0.0.9",
      "from": "compute-cluster@0.0.9",
      "resolved": "https://registry.npmjs.org/compute-cluster/-/compute-cluster-0.0.9.tgz",
      "dependencies": {
        "vows": {
          "version": "0.6.0",
          "from": "vows@0.6.0",
          "resolved": "https://registry.npmjs.org/vows/-/vows-0.6.0.tgz",
          "dependencies": {
            "eyes": {
              "version": "0.1.8",
              "from": "eyes@>=0.1.6"
            }
          }
        }
      }
    },
    "convict": {
      "version": "0.5.1",
      "from": "convict@0.5.1",
      "resolved": "https://registry.npmjs.org/convict/-/convict-0.5.1.tgz",
      "dependencies": {
        "cjson": {
          "version": "0.3.0",
          "from": "cjson@0.3.0",
          "dependencies": {
            "jsonlint": {
              "version": "1.6.0",
              "from": "jsonlint@1.6.0",
              "dependencies": {
                "nomnom": {
                  "version": "1.8.0",
                  "from": "nomnom@>= 1.5.x",
                  "dependencies": {
                    "underscore": {
                      "version": "1.6.0",
                      "from": "underscore@~1.6.0"
                    },
                    "chalk": {
                      "version": "0.4.0",
                      "from": "chalk@~0.4.0",
                      "dependencies": {
                        "has-color": {
                          "version": "0.1.7",
                          "from": "has-color@~0.1.0"
                        },
                        "ansi-styles": {
                          "version": "1.0.0",
                          "from": "ansi-styles@~1.0.0"
                        },
                        "strip-ansi": {
                          "version": "0.1.1",
                          "from": "strip-ansi@~0.1.0"
                        }
                      }
                    }
                  }
                },
                "JSV": {
                  "version": "4.0.2",
                  "from": "JSV@>= 4.0.x"
                }
              }
            }
          }
        },
        "moment": {
          "version": "2.8.3",
          "from": "moment@2.8.3",
          "resolved": "https://registry.npmjs.org/moment/-/moment-2.8.3.tgz"
        },
        "optimist": {
          "version": "0.6.1",
          "from": "optimist@0.6.1",
          "resolved": "https://registry.npmjs.org/optimist/-/optimist-0.6.1.tgz",
          "dependencies": {
            "wordwrap": {
              "version": "0.0.2",
              "from": "wordwrap@~0.0.2"
            },
            "minimist": {
              "version": "0.0.10",
              "from": "minimist@~0.0.1"
            }
          }
        },
        "validator": {
          "version": "2.1.0",
          "from": "validator@2.1.0",
          "resolved": "https://registry.npmjs.org/validator/-/validator-2.1.0.tgz"
        }
      }
    },
    "gm": {
      "version": "1.17.0",
      "from": "gm@1.17.0",
      "resolved": "https://registry.npmjs.org/gm/-/gm-1.17.0.tgz",
      "dependencies": {
        "debug": {
          "version": "0.7.0",
          "from": "debug@0.7.0",
          "resolved": "https://registry.npmjs.org/debug/-/debug-0.7.0.tgz"
        },
        "array-series": {
          "version": "0.1.5",
          "from": "array-series@~0.1.0",
          "resolved": "https://registry.npmjs.org/array-series/-/array-series-0.1.5.tgz"
        },
        "array-parallel": {
          "version": "0.1.3",
          "from": "array-parallel@~0.1.0",
          "resolved": "https://registry.npmjs.org/array-parallel/-/array-parallel-0.1.3.tgz"
        }
      }
    },
    "hapi": {
      "version": "7.1.1",
      "from": "hapi@7.1.1",
      "resolved": "https://registry.npmjs.org/hapi/-/hapi-7.1.1.tgz",
      "dependencies": {
        "accept": {
          "version": "1.0.0",
          "from": "accept@1.0.0"
        },
        "boom": {
          "version": "2.5.1",
          "from": "boom@2.5.1"
        },
        "call": {
          "version": "1.0.0",
          "from": "call@1.0.0"
        },
        "catbox": {
          "version": "4.0.3",
          "from": "catbox@4.0.3"
        },
        "catbox-memory": {
          "version": "1.1.0",
          "from": "catbox-memory@1.1.0"
        },
        "cryptiles": {
          "version": "2.0.4",
          "from": "cryptiles@2.0.4"
        },
        "h2o2": {
          "version": "2.0.1",
          "from": "h2o2@2.0.1"
        },
        "heavy": {
          "version": "1.0.0",
          "from": "heavy@1.0.0"
        },
        "hoek": {
          "version": "2.8.0",
          "from": "hoek@2.8.0"
        },
        "inert": {
          "version": "1.1.0",
          "from": "inert@1.1.0",
          "dependencies": {
            "lru-cache": {
              "version": "2.5.0",
              "from": "lru-cache@2.5.0"
            }
          }
        },
        "iron": {
          "version": "2.1.2",
          "from": "iron@2.1.2"
        },
        "items": {
          "version": "1.1.0",
          "from": "items@1.1.0"
        },
        "kilt": {
          "version": "1.1.1",
          "from": "kilt@1.1.1"
        },
        "mimos": {
          "version": "1.0.0",
          "from": "mimos@1.0.0",
          "dependencies": {
            "mime-db": {
              "version": "1.1.1",
              "from": "mime-db@1.1.1"
            }
          }
        },
        "qs": {
          "version": "2.2.4",
          "from": "qs@2.2.4"
        },
        "rejoice": {
          "version": "1.0.0",
          "from": "rejoice@1.0.0",
          "dependencies": {
            "bossy": {
              "version": "1.0.2",
              "from": "bossy@1.0.2"
            }
          }
        },
        "shot": {
          "version": "1.3.5",
          "from": "shot@1.3.5"
        },
        "statehood": {
          "version": "1.2.0",
          "from": "statehood@1.2.0"
        },
        "subtext": {
          "version": "1.0.1",
          "from": "subtext@1.0.1",
          "dependencies": {
            "content": {
              "version": "1.0.1",
              "from": "content@1.0.1"
            },
            "pez": {
              "version": "1.0.0",
              "from": "pez@1.0.0",
              "dependencies": {
                "b64": {
                  "version": "2.0.0",
                  "from": "b64@2.0.0"
                },
                "nigel": {
                  "version": "1.0.1",
                  "from": "nigel@1.0.1",
                  "dependencies": {
                    "vise": {
                      "version": "1.0.0",
                      "from": "vise@1.0.0"
                    }
                  }
                }
              }
            }
          }
        },
        "topo": {
          "version": "1.0.2",
          "from": "topo@1.0.2"
        },
        "vision": {
          "version": "1.1.0",
          "from": "vision@1.1.0"
        },
        "wreck": {
          "version": "5.0.1",
          "from": "wreck@5.0.1"
        }
      }
    },
    "joi": {
      "version": "4.7.0",
      "from": "joi@4.7.0",
      "dependencies": {
        "hoek": {
          "version": "2.8.1",
          "from": "hoek@^2.2.x"
        },
        "topo": {
          "version": "1.0.2",
          "from": "topo@1.x.x"
        },
        "isemail": {
          "version": "1.1.1",
          "from": "isemail@1.x.x"
        }
      }
    },
    "mocha": {
      "version": "2.0.1",
      "from": "mocha@>=1.20.0",
      "dependencies": {
        "commander": {
          "version": "2.3.0",
          "from": "commander@2.3.0"
        },
        "debug": {
          "version": "2.0.0",
          "from": "debug@2.0.0",
          "dependencies": {
            "ms": {
              "version": "0.6.2",
              "from": "ms@0.6.2"
            }
          }
        },
        "diff": {
          "version": "1.0.8",
          "from": "diff@1.0.8"
        },
        "escape-string-regexp": {
          "version": "1.0.2",
          "from": "escape-string-regexp@1.0.2"
        },
        "glob": {
          "version": "3.2.3",
          "from": "glob@3.2.3",
          "dependencies": {
            "minimatch": {
              "version": "0.2.14",
              "from": "minimatch@~0.2.11",
              "dependencies": {
                "lru-cache": {
                  "version": "2.5.0",
                  "from": "lru-cache@2"
                },
                "sigmund": {
                  "version": "1.0.0",
                  "from": "sigmund@~1.0.0"
                }
              }
            },
            "graceful-fs": {
              "version": "2.0.3",
              "from": "graceful-fs@~2.0.0"
            },
            "inherits": {
              "version": "2.0.1",
              "from": "inherits@2"
            }
          }
        },
        "growl": {
          "version": "1.8.1",
          "from": "growl@1.8.1"
        },
        "jade": {
          "version": "0.26.3",
          "from": "jade@0.26.3",
          "dependencies": {
            "commander": {
              "version": "0.6.1",
              "from": "commander@0.6.1"
            },
            "mkdirp": {
              "version": "0.3.0",
              "from": "mkdirp@0.3.0",
              "resolved": "https://registry.npmjs.org/mkdirp/-/mkdirp-0.3.0.tgz"
            }
          }
        }
      }
    },
    "mozlog": {
      "version": "1.0.0",
      "from": "mozlog@1.0.0",
      "dependencies": {
        "intel": {
          "version": "1.0.0-b6",
          "from": "intel@1.0.0-b6",
          "dependencies": {
            "chalk": {
              "version": "0.5.1",
              "from": "chalk@~0.5.1",
              "dependencies": {
                "ansi-styles": {
                  "version": "1.1.0",
                  "from": "ansi-styles@^1.1.0"
                },
                "escape-string-regexp": {
                  "version": "1.0.2",
                  "from": "escape-string-regexp@^1.0.0"
                },
                "has-ansi": {
                  "version": "0.1.0",
                  "from": "has-ansi@^0.1.0",
                  "dependencies": {
                    "ansi-regex": {
                      "version": "0.2.1",
                      "from": "ansi-regex@^0.2.0"
                    }
                  }
                },
                "strip-ansi": {
                  "version": "0.3.0",
                  "from": "strip-ansi@^0.3.0",
                  "dependencies": {
                    "ansi-regex": {
                      "version": "0.2.1",
                      "from": "ansi-regex@^0.2.0"
                    }
                  }
                },
                "supports-color": {
                  "version": "0.2.0",
                  "from": "supports-color@^0.2.0"
                }
              }
            },
            "dbug": {
              "version": "0.4.1",
              "from": "dbug@~0.4.1"
            },
            "depd": {
              "version": "1.0.0",
              "from": "depd@~1.0.0"
            },
            "stack-trace": {
              "version": "0.0.9",
              "from": "stack-trace@~0.0.9"
            },
            "strftime": {
              "version": "0.8.2",
              "from": "strftime@~0.8.0"
            },
            "symbol": {
              "version": "0.2.1",
              "from": "symbol@~0.2.0"
            },
            "utcstring": {
              "version": "0.1.0",
              "from": "utcstring@~0.1.0"
            }
          }
        },
        "merge": {
          "version": "1.2.0",
          "from": "merge@1.2.0"
        }
      }
    },
    "mysql": {
      "version": "2.5.2",
      "from": "mysql@2.5.2",
      "dependencies": {
        "bignumber.js": {
          "version": "1.4.1",
          "from": "bignumber.js@1.4.1"
        },
        "readable-stream": {
          "version": "1.1.13",
          "from": "readable-stream@~1.1.13",
          "dependencies": {
            "core-util-is": {
              "version": "1.0.1",
              "from": "core-util-is@~1.0.0"
            },
            "isarray": {
              "version": "0.0.1",
              "from": "isarray@0.0.1"
            },
            "string_decoder": {
              "version": "0.10.31",
              "from": "string_decoder@~0.10.x"
            },
            "inherits": {
              "version": "2.0.1",
              "from": "inherits@~2.0.1"
            }
          }
        },
        "require-all": {
          "version": "0.0.8",
          "from": "require-all@0.0.8"
        }
      }
    },
    "request": {
      "version": "2.47.0",
      "from": "request@2.47.0",
      "resolved": "https://registry.npmjs.org/request/-/request-2.47.0.tgz",
      "dependencies": {
        "bl": {
          "version": "0.9.3",
          "from": "bl@~0.9.0",
          "dependencies": {
            "readable-stream": {
              "version": "1.0.33",
              "from": "readable-stream@~1.0.26",
              "dependencies": {
                "core-util-is": {
                  "version": "1.0.1",
                  "from": "core-util-is@~1.0.0"
                },
                "isarray": {
                  "version": "0.0.1",
                  "from": "isarray@0.0.1"
                },
                "string_decoder": {
                  "version": "0.10.31",
                  "from": "string_decoder@~0.10.x"
                },
                "inherits": {
                  "version": "2.0.1",
                  "from": "inherits@2"
                }
              }
            }
          }
        },
        "caseless": {
          "version": "0.6.0",
          "from": "caseless@~0.6.0"
        },
        "forever-agent": {
          "version": "0.5.2",
          "from": "forever-agent@~0.5.0"
        },
        "form-data": {
          "version": "0.1.4",
          "from": "form-data@~0.1.0",
          "dependencies": {
            "mime": {
              "version": "1.2.11",
              "from": "mime@~1.2.11"
            },
            "async": {
              "version": "0.9.0",
              "from": "async@~0.9.0"
            }
          }
        },
        "json-stringify-safe": {
          "version": "5.0.0",
          "from": "json-stringify-safe@~5.0.0"
        },
        "mime-types": {
          "version": "1.0.2",
          "from": "mime-types@~1.0.1"
        },
        "node-uuid": {
          "version": "1.4.1",
          "from": "node-uuid@~1.4.0"
        },
        "qs": {
          "version": "2.3.2",
          "from": "qs@~2.3.1"
        },
        "tunnel-agent": {
          "version": "0.4.0",
          "from": "tunnel-agent@~0.4.0"
        },
        "tough-cookie": {
          "version": "0.12.1",
          "from": "tough-cookie@>=0.12.0",
          "dependencies": {
            "punycode": {
              "version": "1.3.2",
              "from": "punycode@>=0.2.0"
            }
          }
        },
        "http-signature": {
          "version": "0.10.0",
          "from": "http-signature@~0.10.0",
          "dependencies": {
            "assert-plus": {
              "version": "0.1.2",
              "from": "assert-plus@0.1.2"
            },
            "asn1": {
              "version": "0.1.11",
              "from": "asn1@0.1.11"
            },
            "ctype": {
              "version": "0.5.2",
              "from": "ctype@0.5.2"
            }
          }
        },
        "oauth-sign": {
          "version": "0.4.0",
          "from": "oauth-sign@~0.4.0"
        },
        "hawk": {
          "version": "1.1.1",
          "from": "hawk@1.1.1",
          "dependencies": {
            "hoek": {
              "version": "0.9.1",
              "from": "hoek@0.9.x"
            },
            "boom": {
              "version": "0.4.2",
              "from": "boom@0.4.x"
            },
            "cryptiles": {
              "version": "0.2.2",
              "from": "cryptiles@0.2.x"
            },
            "sntp": {
              "version": "0.2.4",
              "from": "sntp@0.2.x"
            }
          }
        },
        "aws-sign2": {
          "version": "0.5.0",
          "from": "aws-sign2@~0.5.0"
        },
        "stringstream": {
          "version": "0.0.4",
          "from": "stringstream@~0.0.4"
        },
        "combined-stream": {
          "version": "0.0.5",
          "from": "combined-stream@~0.0.5",
          "dependencies": {
            "delayed-stream": {
              "version": "0.0.5",
              "from": "delayed-stream@0.0.5"
            }
          }
        }
      }
    },
    "stream-to-array": {
      "version": "2.0.2",
      "from": "stream-to-array@2.0.2",
      "resolved": "https://registry.npmjs.org/stream-to-array/-/stream-to-array-2.0.2.tgz",
      "dependencies": {
        "native-or-bluebird": {
          "version": "1.1.2",
          "from": "native-or-bluebird@1",
          "resolved": "https://registry.npmjs.org/native-or-bluebird/-/native-or-bluebird-1.1.2.tgz"
        }
      }
    }
  }
}
