{
  "name": "fxa-profile-server",
  "version": "0.14.1",
  "dependencies": {
    "bluebird": {
      "version": "2.2.1",
      "from": "bluebird@2.2.1",
      "resolved": "https://registry.npmjs.org/bluebird/-/bluebird-2.2.1.tgz"
    },
    "convict": {
      "version": "0.4.2",
      "from": "convict@0.4.2",
      "resolved": "https://registry.npmjs.org/convict/-/convict-0.4.2.tgz",
      "dependencies": {
        "cjson": {
          "version": "0.3.0",
          "from": "cjson@0.3.0",
          "resolved": "https://registry.npmjs.org/cjson/-/cjson-0.3.0.tgz",
          "dependencies": {
            "jsonlint": {
              "version": "1.6.0",
              "from": "jsonlint@1.6.0",
              "resolved": "https://registry.npmjs.org/jsonlint/-/jsonlint-1.6.0.tgz",
              "dependencies": {
                "nomnom": {
                  "version": "1.8.0",
                  "from": "nomnom@>= 1.5.x",
                  "resolved": "https://registry.npmjs.org/nomnom/-/nomnom-1.8.0.tgz",
                  "dependencies": {
                    "underscore": {
                      "version": "1.6.0",
                      "from": "underscore@~1.6.0"
                    },
                    "chalk": {
                      "version": "0.4.0",
                      "from": "chalk@~0.4.0",
                      "dependencies": {
                        "has-color": {
                          "version": "0.1.7",
                          "from": "has-color@~0.1.0"
                        },
                        "ansi-styles": {
                          "version": "1.0.0",
                          "from": "ansi-styles@~1.0.0"
                        },
                        "strip-ansi": {
                          "version": "0.1.1",
                          "from": "strip-ansi@~0.1.0"
                        }
                      }
                    }
                  }
                },
                "JSV": {
                  "version": "4.0.2",
                  "from": "JSV@>= 4.0.x"
                }
              }
            }
          }
        },
        "validator": {
          "version": "1.5.1",
          "from": "validator@1.5.1",
          "resolved": "https://registry.npmjs.org/validator/-/validator-1.5.1.tgz"
        },
        "moment": {
          "version": "2.3.1",
          "from": "moment@2.3.1",
          "resolved": "https://registry.npmjs.org/moment/-/moment-2.3.1.tgz"
        },
        "optimist": {
          "version": "0.6.0",
          "from": "optimist@0.6.0",
          "resolved": "https://registry.npmjs.org/optimist/-/optimist-0.6.0.tgz",
          "dependencies": {
            "wordwrap": {
              "version": "0.0.2",
              "from": "wordwrap@~0.0.2"
            },
            "minimist": {
              "version": "0.0.10",
              "from": "minimist@~0.0.1"
            }
          }
        }
      }
    },
    "hapi": {
      "version": "6.2.0",
      "from": "https://registry.npmjs.org/hapi/-/hapi-6.2.0.tgz",
      "resolved": "https://registry.npmjs.org/hapi/-/hapi-6.2.0.tgz",
      "dependencies": {
        "hoek": {
          "version": "2.3.0",
          "from": "https://registry.npmjs.org/hoek/-/hoek-2.3.0.tgz",
          "resolved": "https://registry.npmjs.org/hoek/-/hoek-2.3.0.tgz"
        },
        "boom": {
          "version": "2.4.2",
          "from": "https://registry.npmjs.org/boom/-/boom-2.4.2.tgz",
          "resolved": "https://registry.npmjs.org/boom/-/boom-2.4.2.tgz"
        },
        "catbox": {
          "version": "2.2.1",
          "from": "https://registry.npmjs.org/catbox/-/catbox-2.2.1.tgz",
          "resolved": "https://registry.npmjs.org/catbox/-/catbox-2.2.1.tgz"
        },
        "catbox-memory": {
          "version": "1.0.3",
          "from": "https://registry.npmjs.org/catbox-memory/-/catbox-memory-1.0.3.tgz",
          "resolved": "https://registry.npmjs.org/catbox-memory/-/catbox-memory-1.0.3.tgz"
        },
        "shot": {
          "version": "1.3.3",
          "from": "https://registry.npmjs.org/shot/-/shot-1.3.3.tgz",
          "resolved": "https://registry.npmjs.org/shot/-/shot-1.3.3.tgz"
        },
        "nipple": {
          "version": "2.5.3",
          "from": "https://registry.npmjs.org/nipple/-/nipple-2.5.3.tgz",
          "resolved": "https://registry.npmjs.org/nipple/-/nipple-2.5.3.tgz"
        },
        "cryptiles": {
          "version": "2.0.1",
          "from": "https://registry.npmjs.org/cryptiles/-/cryptiles-2.0.1.tgz",
          "resolved": "https://registry.npmjs.org/cryptiles/-/cryptiles-2.0.1.tgz"
        },
        "iron": {
          "version": "2.1.0",
          "from": "https://registry.npmjs.org/iron/-/iron-2.1.0.tgz",
          "resolved": "https://registry.npmjs.org/iron/-/iron-2.1.0.tgz"
        },
        "topo": {
          "version": "1.0.0",
          "from": "https://registry.npmjs.org/topo/-/topo-1.0.0.tgz",
          "resolved": "https://registry.npmjs.org/topo/-/topo-1.0.0.tgz"
        },
        "kilt": {
          "version": "1.1.0",
          "from": "https://registry.npmjs.org/kilt/-/kilt-1.1.0.tgz",
          "resolved": "https://registry.npmjs.org/kilt/-/kilt-1.1.0.tgz"
        },
        "async": {
          "version": "0.8.0",
          "from": "https://registry.npmjs.org/async/-/async-0.8.0.tgz",
          "resolved": "https://registry.npmjs.org/async/-/async-0.8.0.tgz"
        },
        "multiparty": {
          "version": "3.2.10",
          "from": "https://registry.npmjs.org/multiparty/-/multiparty-3.2.10.tgz",
          "resolved": "https://registry.npmjs.org/multiparty/-/multiparty-3.2.10.tgz",
          "dependencies": {
            "readable-stream": {
              "version": "1.1.13-1",
              "from": "https://registry.npmjs.org/readable-stream/-/readable-stream-1.1.13-1.tgz",
              "resolved": "https://registry.npmjs.org/readable-stream/-/readable-stream-1.1.13-1.tgz",
              "dependencies": {
                "core-util-is": {
                  "version": "1.0.1",
                  "from": "https://registry.npmjs.org/core-util-is/-/core-util-is-1.0.1.tgz",
                  "resolved": "https://registry.npmjs.org/core-util-is/-/core-util-is-1.0.1.tgz"
                },
                "isarray": {
                  "version": "0.0.1",
                  "from": "https://registry.npmjs.org/isarray/-/isarray-0.0.1.tgz",
                  "resolved": "https://registry.npmjs.org/isarray/-/isarray-0.0.1.tgz"
                },
                "string_decoder": {
                  "version": "0.10.25-1",
                  "from": "https://registry.npmjs.org/string_decoder/-/string_decoder-0.10.25-1.tgz",
                  "resolved": "https://registry.npmjs.org/string_decoder/-/string_decoder-0.10.25-1.tgz"
                },
                "inherits": {
                  "version": "2.0.1",
                  "from": "https://registry.npmjs.org/inherits/-/inherits-2.0.1.tgz",
                  "resolved": "https://registry.npmjs.org/inherits/-/inherits-2.0.1.tgz"
                }
              }
            },
            "stream-counter": {
              "version": "0.2.0",
              "from": "https://registry.npmjs.org/stream-counter/-/stream-counter-0.2.0.tgz",
              "resolved": "https://registry.npmjs.org/stream-counter/-/stream-counter-0.2.0.tgz"
            }
          }
        },
        "mime": {
          "version": "1.2.11",
          "from": "https://registry.npmjs.org/mime/-/mime-1.2.11.tgz",
          "resolved": "https://registry.npmjs.org/mime/-/mime-1.2.11.tgz"
        },
        "lru-cache": {
          "version": "2.5.0",
          "from": "https://registry.npmjs.org/lru-cache/-/lru-cache-2.5.0.tgz",
          "resolved": "https://registry.npmjs.org/lru-cache/-/lru-cache-2.5.0.tgz"
        },
        "optimist": {
          "version": "0.6.1",
          "from": "https://registry.npmjs.org/optimist/-/optimist-0.6.1.tgz",
          "resolved": "https://registry.npmjs.org/optimist/-/optimist-0.6.1.tgz",
          "dependencies": {
            "wordwrap": {
              "version": "0.0.2",
              "from": "https://registry.npmjs.org/wordwrap/-/wordwrap-0.0.2.tgz",
              "resolved": "https://registry.npmjs.org/wordwrap/-/wordwrap-0.0.2.tgz"
            },
            "minimist": {
              "version": "0.0.10",
              "from": "https://registry.npmjs.org/minimist/-/minimist-0.0.10.tgz",
              "resolved": "https://registry.npmjs.org/minimist/-/minimist-0.0.10.tgz"
            }
          }
        },
        "negotiator": {
          "version": "0.4.7",
          "from": "https://registry.npmjs.org/negotiator/-/negotiator-0.4.7.tgz",
          "resolved": "https://registry.npmjs.org/negotiator/-/negotiator-0.4.7.tgz"
        },
        "semver": {
          "version": "2.3.1",
          "from": "https://registry.npmjs.org/semver/-/semver-2.3.1.tgz",
          "resolved": "https://registry.npmjs.org/semver/-/semver-2.3.1.tgz"
        },
        "qs": {
          "version": "0.6.6",
          "from": "https://registry.npmjs.org/qs/-/qs-0.6.6.tgz",
          "resolved": "https://registry.npmjs.org/qs/-/qs-0.6.6.tgz"
        }
      }
    },
    "intel": {
      "version": "1.0.0-b4",
      "from": "intel@1.0.0-b4",
      "dependencies": {
        "chalk": {
          "version": "0.5.1",
          "from": "chalk@~0.5.1",
          "dependencies": {
            "ansi-styles": {
              "version": "1.1.0",
              "from": "ansi-styles@^1.1.0"
            },
            "escape-string-regexp": {
              "version": "1.0.0",
              "from": "escape-string-regexp@^1.0.0"
            },
            "has-ansi": {
              "version": "0.1.0",
              "from": "has-ansi@^0.1.0",
              "dependencies": {
                "ansi-regex": {
                  "version": "0.2.1",
                  "from": "ansi-regex@^0.2.0"
                }
              }
            },
            "strip-ansi": {
              "version": "0.3.0",
              "from": "strip-ansi@^0.3.0",
              "dependencies": {
                "ansi-regex": {
                  "version": "0.2.1",
                  "from": "ansi-regex@^0.2.0"
                }
              }
            },
            "supports-color": {
              "version": "0.2.0",
              "from": "supports-color@^0.2.0"
            }
          }
        },
        "dbug": {
          "version": "0.4.1",
          "from": "dbug@~0.4.1"
        },
        "stack-trace": {
          "version": "0.0.9",
          "from": "stack-trace@~0.0.9"
        },
        "strftime": {
          "version": "0.8.1",
          "from": "strftime@~0.8.0"
        },
        "symbol": {
          "version": "0.2.1",
          "from": "symbol@~0.2.0"
        },
        "utcstring": {
          "version": "0.1.0",
          "from": "utcstring@~0.1.0"
        }
      }
    },
    "joi": {
      "version": "4.6.1",
      "from": "joi@4.6.1",
      "resolved": "https://registry.npmjs.org/joi/-/joi-4.6.1.tgz",
      "dependencies": {
        "hoek": {
          "version": "2.3.0",
          "from": "hoek@^2.2.x"
        },
        "topo": {
          "version": "1.0.0",
          "from": "topo@1.x.x"
        },
        "isemail": {
          "version": "1.0.1",
          "from": "isemail@1.x.x"
        }
      }
    },
    "mysql": {
      "version": "2.3.2",
      "from": "mysql@2.3.2",
      "resolved": "https://registry.npmjs.org/mysql/-/mysql-2.3.2.tgz",
      "dependencies": {
        "bignumber.js": {
          "version": "1.4.0",
          "from": "bignumber.js@1.4.0",
          "resolved": "https://registry.npmjs.org/bignumber.js/-/bignumber.js-1.4.0.tgz"
        },
        "readable-stream": {
          "version": "1.1.13-1",
          "from": "readable-stream@~1.1.9",
          "dependencies": {
            "core-util-is": {
              "version": "1.0.1",
              "from": "core-util-is@~1.0.0"
            },
            "isarray": {
              "version": "0.0.1",
              "from": "isarray@0.0.1",
              "resolved": "https://registry.npmjs.org/isarray/-/isarray-0.0.1.tgz"
            },
            "string_decoder": {
              "version": "0.10.25-1",
              "from": "string_decoder@~0.10.x"
            },
            "inherits": {
              "version": "2.0.1",
              "from": "inherits@~2.0.1"
            }
          }
        },
        "require-all": {
          "version": "0.0.8",
          "from": "require-all@0.0.8",
          "resolved": "https://registry.npmjs.org/require-all/-/require-all-0.0.8.tgz"
        }
      }
    },
    "request": {
      "version": "2.37.0",
      "from": "request@2.37.0",
      "resolved": "https://registry.npmjs.org/request/-/request-2.37.0.tgz",
      "dependencies": {
        "qs": {
          "version": "0.6.6",
          "from": "qs@~0.6.0"
        },
        "json-stringify-safe": {
          "version": "5.0.0",
          "from": "json-stringify-safe@~5.0.0"
        },
        "mime-types": {
          "version": "1.0.1",
          "from": "mime-types@~1.0.1"
        },
        "forever-agent": {
          "version": "0.5.2",
          "from": "forever-agent@~0.5.0"
        },
        "node-uuid": {
          "version": "1.4.1",
          "from": "node-uuid@~1.4.0"
        },
        "tough-cookie": {
          "version": "0.12.1",
          "from": "tough-cookie@>=0.12.0",
          "dependencies": {
            "punycode": {
              "version": "1.3.0",
              "from": "punycode@>=0.2.0"
            }
          }
        },
        "form-data": {
          "version": "0.1.4",
          "from": "form-data@~0.1.0",
          "dependencies": {
            "combined-stream": {
              "version": "0.0.5",
              "from": "combined-stream@~0.0.4",
              "dependencies": {
                "delayed-stream": {
                  "version": "0.0.5",
                  "from": "delayed-stream@0.0.5",
                  "resolved": "https://registry.npmjs.org/delayed-stream/-/delayed-stream-0.0.5.tgz"
                }
              }
            },
            "mime": {
              "version": "1.2.11",
              "from": "mime@~1.2.11"
            },
            "async": {
              "version": "0.9.0",
              "from": "async@~0.9.0"
            }
          }
        },
        "tunnel-agent": {
          "version": "0.4.0",
          "from": "tunnel-agent@~0.4.0"
        },
        "http-signature": {
          "version": "0.10.0",
          "from": "http-signature@~0.10.0",
          "dependencies": {
            "assert-plus": {
              "version": "0.1.2",
              "from": "assert-plus@0.1.2",
              "resolved": "https://registry.npmjs.org/assert-plus/-/assert-plus-0.1.2.tgz"
            },
            "asn1": {
              "version": "0.1.11",
              "from": "asn1@0.1.11",
              "resolved": "https://registry.npmjs.org/asn1/-/asn1-0.1.11.tgz"
            },
            "ctype": {
              "version": "0.5.2",
              "from": "ctype@0.5.2",
              "resolved": "https://registry.npmjs.org/ctype/-/ctype-0.5.2.tgz"
            }
          }
        },
        "oauth-sign": {
          "version": "0.3.0",
          "from": "oauth-sign@~0.3.0"
        },
        "hawk": {
          "version": "1.1.1",
          "from": "hawk@1.1.1",
          "resolved": "https://registry.npmjs.org/hawk/-/hawk-1.1.1.tgz",
          "dependencies": {
            "hoek": {
              "version": "0.9.1",
              "from": "hoek@0.9.x"
            },
            "boom": {
              "version": "0.4.2",
              "from": "boom@0.4.x"
            },
            "cryptiles": {
              "version": "0.2.2",
              "from": "cryptiles@0.2.x"
            },
            "sntp": {
              "version": "0.2.4",
              "from": "sntp@0.2.x"
            }
          }
        },
        "aws-sign2": {
          "version": "0.5.0",
          "from": "aws-sign2@~0.5.0"
        }
      }
    }
  }
}
