{
  "name": "fxa-profile-server",
  "version": "0.0.0",
  "dependencies": {
    "bluebird": {
      "version": "1.2.1",
      "from": "bluebird@1.2.1",
      "resolved": "https://registry.npmjs.org/bluebird/-/bluebird-1.2.1.tgz"
    },
    "convict": {
      "version": "0.4.2",
      "from": "convict@0.4.2",
      "dependencies": {
        "cjson": {
          "version": "0.3.0",
          "from": "cjson@0.3.0",
          "dependencies": {
            "jsonlint": {
              "version": "1.6.0",
              "from": "jsonlint@1.6.0",
              "dependencies": {
                "nomnom": {
                  "version": "1.6.2",
                  "from": "nomnom@>= 1.5.x",
                  "dependencies": {
                    "colors": {
                      "version": "0.5.1",
                      "from": "colors@0.5.x"
                    },
                    "underscore": {
                      "version": "1.4.4",
                      "from": "underscore@~1.4.4"
                    }
                  }
                },
                "JSV": {
                  "version": "4.0.2",
                  "from": "JSV@>= 4.0.x"
                }
              }
            }
          }
        },
        "validator": {
          "version": "1.5.1",
          "from": "validator@1.5.1"
        },
        "moment": {
          "version": "2.3.1",
          "from": "moment@2.3.1"
        },
        "optimist": {
          "version": "0.6.0",
          "from": "optimist@0.6.0",
          "dependencies": {
            "wordwrap": {
              "version": "0.0.2",
              "from": "wordwrap@~0.0.2"
            },
            "minimist": {
              "version": "0.0.8",
              "from": "minimist@~0.0.1"
            }
          }
        }
      }
    },
    "hapi": {
      "version": "5.1.0",
      "from": "hapi@5.1.0",
      "dependencies": {
        "hoek": {
          "version": "2.3.0",
          "from": "hoek@2.x.x"
        },
        "boom": {
          "version": "2.4.1",
          "from": "boom@^2.4.x"
        },
        "catbox": {
          "version": "2.2.1",
          "from": "catbox@^2.1.x"
        },
        "catbox-memory": {
          "version": "1.0.2",
          "from": "catbox-memory@1.x.x"
        },
        "shot": {
          "version": "1.3.3",
          "from": "shot@1.x.x"
        },
        "nipple": {
          "version": "2.5.2",
          "from": "nipple@^2.4.x"
        },
        "cryptiles": {
          "version": "2.0.1",
          "from": "cryptiles@2.x.x"
        },
        "iron": {
          "version": "2.1.0",
          "from": "iron@2.x.x"
        },
        "topo": {
          "version": "1.0.0",
          "from": "topo@1.x.x"
        },
        "async": {
          "version": "0.8.0",
          "from": "async@0.8.x"
        },
        "multiparty": {
          "version": "3.2.7",
          "from": "multiparty@3.2.x",
          "dependencies": {
            "readable-stream": {
              "version": "1.1.13-1",
              "from": "readable-stream@~1.1.9",
              "dependencies": {
                "core-util-is": {
                  "version": "1.0.1",
                  "from": "core-util-is@~1.0.0"
                },
                "isarray": {
                  "version": "0.0.1",
                  "from": "isarray@0.0.1"
                },
                "string_decoder": {
                  "version": "0.10.25-1",
                  "from": "string_decoder@~0.10.x"
                },
                "inherits": {
                  "version": "2.0.1",
                  "from": "inherits@~2.0.1"
                }
              }
            },
            "stream-counter": {
              "version": "0.2.0",
              "from": "stream-counter@~0.2.0"
            }
          }
        },
        "mime": {
          "version": "1.2.11",
          "from": "mime@1.2.x"
        },
        "lru-cache": {
          "version": "2.5.0",
          "from": "lru-cache@2.5.x"
        },
        "optimist": {
          "version": "0.6.1",
          "from": "optimist@0.6.x",
          "dependencies": {
            "wordwrap": {
              "version": "0.0.2",
              "from": "wordwrap@~0.0.2"
            },
            "minimist": {
              "version": "0.0.10",
              "from": "minimist@~0.0.1"
            }
          }
        },
        "negotiator": {
          "version": "0.4.5",
          "from": "negotiator@0.4.x"
        },
        "semver": {
          "version": "2.3.0",
          "from": "semver@2.3.x"
        },
        "qs": {
          "version": "0.6.6",
          "from": "qs@0.6.x"
        }
      }
    },
    "intel": {
      "version": "1.0.0-b2",
      "from": "intel@1.0.0-b2",
      "dependencies": {
        "chalk": {
          "version": "0.4.0",
          "from": "chalk@~0.4.0",
          "dependencies": {
            "has-color": {
              "version": "0.1.7",
              "from": "has-color@~0.1.0"
            },
            "ansi-styles": {
              "version": "1.0.0",
              "from": "ansi-styles@~1.0.0"
            },
            "strip-ansi": {
              "version": "0.1.1",
              "from": "strip-ansi@~0.1.0"
            }
          }
        },
        "dbug": {
          "version": "0.4.0",
          "from": "dbug@~0.4.0"
        },
        "stack-trace": {
          "version": "0.0.9",
          "from": "stack-trace@~0.0.9"
        },
        "strftime": {
          "version": "0.8.0",
          "from": "strftime@~0.8.0"
        },
        "symbol": {
          "version": "0.2.1",
          "from": "symbol@~0.2.0"
        },
        "utcstring": {
          "version": "0.1.0",
          "from": "utcstring@~0.1.0"
        }
      }
    },
    "joi": {
      "version": "4.5.0",
      "from": "joi@4.5.0",
      "dependencies": {
        "hoek": {
          "version": "2.3.0",
          "from": "hoek@2.x.x"
        },
        "topo": {
          "version": "1.0.0",
          "from": "topo@1.x.x"
        },
        "isemail": {
          "version": "0.1.2",
          "from": "isemail@0.1.x"
        }
      }
    },
    "mysql": {
      "version": "2.1.1",
      "from": "mysql@2.1.1",
      "dependencies": {
        "require-all": {
          "version": "0.0.3",
          "from": "require-all@0.0.3"
        },
        "bignumber.js": {
          "version": "1.0.1",
          "from": "bignumber.js@1.0.1"
        },
        "readable-stream": {
          "version": "1.1.13-1",
          "from": "readable-stream@~1.1.9",
          "dependencies": {
            "core-util-is": {
              "version": "1.0.1",
              "from": "core-util-is@~1.0.0"
            },
            "isarray": {
              "version": "0.0.1",
              "from": "isarray@0.0.1"
            },
            "string_decoder": {
              "version": "0.10.25-1",
              "from": "string_decoder@~0.10.x"
            },
            "inherits": {
              "version": "2.0.1",
              "from": "inherits@~2.0.1"
            }
          }
        }
      }
    },
    "request": {
      "version": "2.34.0",
      "from": "request@2.34.0",
      "dependencies": {
        "qs": {
          "version": "0.6.6",
          "from": "qs@~0.6.0"
        },
        "json-stringify-safe": {
          "version": "5.0.0",
          "from": "json-stringify-safe@~5.0.0"
        },
        "forever-agent": {
          "version": "0.5.2",
          "from": "forever-agent@~0.5.0"
        },
        "node-uuid": {
          "version": "1.4.1",
          "from": "node-uuid@~1.4.0"
        },
        "mime": {
          "version": "1.2.11",
          "from": "mime@~1.2.9"
        },
        "tough-cookie": {
          "version": "0.12.1",
          "from": "tough-cookie@>=0.12.0",
          "dependencies": {
            "punycode": {
              "version": "1.2.4",
              "from": "punycode@>=0.2.0"
            }
          }
        },
        "form-data": {
          "version": "0.1.2",
          "from": "form-data@~0.1.0",
          "dependencies": {
            "combined-stream": {
              "version": "0.0.4",
              "from": "combined-stream@~0.0.4",
              "dependencies": {
                "delayed-stream": {
                  "version": "0.0.5",
                  "from": "delayed-stream@0.0.5"
                }
              }
            },
            "async": {
              "version": "0.2.10",
              "from": "async@0.2.x"
            }
          }
        },
        "tunnel-agent": {
          "version": "0.3.0",
          "from": "tunnel-agent@~0.3.0"
        },
        "http-signature": {
          "version": "0.10.0",
          "from": "http-signature@~0.10.0",
          "dependencies": {
            "assert-plus": {
              "version": "0.1.2",
              "from": "assert-plus@0.1.2"
            },
            "asn1": {
              "version": "0.1.11",
              "from": "asn1@0.1.11"
            },
            "ctype": {
              "version": "0.5.2",
              "from": "ctype@0.5.2"
            }
          }
        },
        "oauth-sign": {
          "version": "0.3.0",
          "from": "oauth-sign@~0.3.0"
        },
        "hawk": {
          "version": "1.0.0",
          "from": "hawk@~1.0.0",
          "dependencies": {
            "hoek": {
              "version": "0.9.1",
              "from": "hoek@0.9.x"
            },
            "boom": {
              "version": "0.4.2",
              "from": "boom@0.4.x"
            },
            "cryptiles": {
              "version": "0.2.2",
              "from": "cryptiles@0.2.x"
            },
            "sntp": {
              "version": "0.2.4",
              "from": "sntp@0.2.x"
            }
          }
        },
        "aws-sign2": {
          "version": "0.5.0",
          "from": "aws-sign2@~0.5.0"
        }
      }
    }
  }
}
